PODS:
  - audio_session (0.0.1):
    - FlutterMacOS
  - device_info_plus (0.0.1):
    - FlutterMacOS
  - flutter_local_notifications (0.0.1):
    - FlutterMacOS
  - FlutterMacOS (1.0.0)
  - just_audio (0.0.1):
    - Flutter
    - FlutterMacOS
  - MMKV (2.3.0):
    - MMKVCore (~> 2.3.0)
  - mmkv_ios (2.3.0):
    - Flutter
    - FlutterMacOS
    - MMKV (< 2.4, >= 2.3.0)
  - MMKVCore (2.3.0)
  - package_info_plus (0.0.1):
    - FlutterMacOS
  - path_provider_foundation (0.0.1):
    - Flutter
    - FlutterMacOS
  - Sentry/HybridSDK (8.56.2)
  - sentry_flutter (9.11.0):
    - Flutter
    - FlutterMacOS
    - Sentry/HybridSDK (= 8.56.2)
  - shared_preferences_foundation (0.0.1):
    - Flutter
    - FlutterMacOS

DEPENDENCIES:
  - audio_session (from `Flutter/ephemeral/.symlinks/plugins/audio_session/macos`)
  - device_info_plus (from `Flutter/ephemeral/.symlinks/plugins/device_info_plus/macos`)
  - flutter_local_notifications (from `Flutter/ephemeral/.symlinks/plugins/flutter_local_notifications/macos`)
  - FlutterMacOS (from `Flutter/ephemeral`)
  - just_audio (from `Flutter/ephemeral/.symlinks/plugins/just_audio/darwin`)
  - mmkv_ios (from `Flutter/ephemeral/.symlinks/plugins/mmkv_ios/darwin`)
  - package_info_plus (from `Flutter/ephemeral/.symlinks/plugins/package_info_plus/macos`)
  - path_provider_foundation (from `Flutter/ephemeral/.symlinks/plugins/path_provider_foundation/darwin`)
  - sentry_flutter (from `Flutter/ephemeral/.symlinks/plugins/sentry_flutter/macos`)
  - shared_preferences_foundation (from `Flutter/ephemeral/.symlinks/plugins/shared_preferences_foundation/darwin`)

SPEC REPOS:
  trunk:
    - MMKV
    - MMKVCore
    - Sentry

EXTERNAL SOURCES:
  audio_session:
    :path: Flutter/ephemeral/.symlinks/plugins/audio_session/macos
  device_info_plus:
    :path: Flutter/ephemeral/.symlinks/plugins/device_info_plus/macos
  flutter_local_notifications:
    :path: Flutter/ephemeral/.symlinks/plugins/flutter_local_notifications/macos
  FlutterMacOS:
    :path: Flutter/ephemeral
  just_audio:
    :path: Flutter/ephemeral/.symlinks/plugins/just_audio/darwin
  mmkv_ios:
    :path: Flutter/ephemeral/.symlinks/plugins/mmkv_ios/darwin
  package_info_plus:
    :path: Flutter/ephemeral/.symlinks/plugins/package_info_plus/macos
  path_provider_foundation:
    :path: Flutter/ephemeral/.symlinks/plugins/path_provider_foundation/darwin
  sentry_flutter:
    :path: Flutter/ephemeral/.symlinks/plugins/sentry_flutter/macos
  shared_preferences_foundation:
    :path: Flutter/ephemeral/.symlinks/plugins/shared_preferences_foundation/darwin

SPEC CHECKSUMS:
  audio_session: eaca2512cf2b39212d724f35d11f46180ad3a33e
  device_info_plus: 4fb280989f669696856f8b129e4a5e3cd6c48f76
  flutter_local_notifications: 4bf37a31afde695b56091b4ae3e4d9c7a7e6cda0
  FlutterMacOS: d0db08ddef1a9af05a5ec4b724367152bb0500b1
  just_audio: 4e391f57b79cad2b0674030a00453ca5ce817eed
  MMKV: c953dbaac0da392c24b005e763c03ce2638b4ed7
  mmkv_ios: b8849045b0f19a88abd6302378b84543a1c1e1dc
  MMKVCore: d078dce7d6586a888b2c2ef5343b6242678e3ee8
  package_info_plus: f0052d280d17aa382b932f399edf32507174e870
  path_provider_foundation: bb55f6dbba17d0dccd6737fe6f7f34fbd0376880
  Sentry: b53951377b78e21a734f5dc8318e333dbfc682d7
  sentry_flutter: 8621fa384e86f069bd88b29258c55c19f43e24f2
  shared_preferences_foundation: 7036424c3d8ec98dfe75ff1667cb0cd531ec82bb

PODFILE CHECKSUM: 54d867c82ac51cbd61b565781b9fada492027009

COCOAPODS: 1.16.2
